
Microsoft Visual Studio Solution File, Format Version 11.00
# Visual Studio 2010
Project("{2150E333-8FDC-42A3-9474-1A3956D46DE8}") = "Lib", "Lib", "{151CD714-2A39-4596-8F0E-ECC462A4B6D5}"
EndProject
Project("{2150E333-8FDC-42A3-9474-1A3956D46DE8}") = "Data", "Data", "{2271EA0C-4CB0-4006-B331-182663C8E7BD}"
	ProjectSection(SolutionItems) = preProject
		Data\log4net.config = Data\log4net.config
		Data\SlotGame.config = Data\SlotGame.config
		Data\SlotGameDatabase.xml = Data\SlotGameDatabase.xml
	EndProjectSection
EndProject
Project("{2150E333-8FDC-42A3-9474-1A3956D46DE8}") = "XNAGame", "XNAGame", "{01FDCDC6-01ED-4CCB-BCA0-C7F85F2A5D2A}"
EndProject
Project("{FAE04EC0-301F-11D3-BF4B-00C04F79EFBC}") = "TGRFramework.Prototype.Common", "TGRFramework.Prototype.Common\TGRFramework.Prototype.Common.csproj", "{6F6A13A8-2694-45E5-8B21-7986B9FDED60}"
EndProject
Project("{FAE04EC0-301F-11D3-BF4B-00C04F79EFBC}") = "TGRFramework.Prototype.SocketComm", "TGRFramework.Prototype.SocketComm\TGRFramework.Prototype.SocketComm.csproj", "{F3908D24-68AC-4A59-A58E-BA3E3E9B60EB}"
EndProject
Project("{FAE04EC0-301F-11D3-BF4B-00C04F79EFBC}") = "TGRFramework.Prototype.Tools", "TGRFramework.Prototype.Tools\TGRFramework.Prototype.Tools.csproj", "{90889655-C742-4077-BF08-D38CEDE50B87}"
EndProject
Project("{FAE04EC0-301F-11D3-BF4B-00C04F79EFBC}") = "TGRFramework.Prototype.SlotGame", "TGRFramework.Prototype.SlotGame\TGRFramework.Prototype.SlotGame.csproj", "{86C07D85-9412-4F0A-88A5-F03243584BD3}"
EndProject
Project("{FAE04EC0-301F-11D3-BF4B-00C04F79EFBC}") = "TGRFramework.Prototype.XNAGame", "TGRFramework.Prototype.XNAGame\TGRFramework.Prototype.XNAGame\TGRFramework.Prototype.XNAGame.csproj", "{4DD20978-9194-4366-A3D1-04AE0FFE7CB1}"
EndProject
Project("{FAE04EC0-301F-11D3-BF4B-00C04F79EFBC}") = "TGRFramework.Prototype.XNAGameContent", "TGRFramework.Prototype.XNAGame\TGRFramework.Prototype.XNAGameContent\TGRFramework.Prototype.XNAGameContent.contentproj", "{548C2507-6A08-43EC-8E67-652109CE2579}"
EndProject
Project("{FAE04EC0-301F-11D3-BF4B-00C04F79EFBC}") = "TGRFramework.Prototype.HeroGame", "TGRFramework.Prototype.HeroGame\TGRFramework.Prototype.HeroGame.csproj", "{D1AA9BF4-81DD-464C-A835-2823BA28BB7B}"
EndProject
Project("{2150E333-8FDC-42A3-9474-1A3956D46DE8}") = "WinForm Level Editor", "WinForm Level Editor", "{BC53A8DF-AFDE-4BE4-B90E-75C0D6453203}"
EndProject
Project("{FAE04EC0-301F-11D3-BF4B-00C04F79EFBC}") = "TGRFramework.Prototype.LevelEditor", "TGRFramework.Prototype.LevelEditor\TGRFramework.Prototype.LevelEditor.csproj", "{0A43D468-FAF7-4CF8-8CF6-29990D890388}"
EndProject
Project("{FAE04EC0-301F-11D3-BF4B-00C04F79EFBC}") = "TGRFramework.Prototype.LevelEditorXNA", "TGRFramework.Prototype.LevelEditorXNA\TGRFramework.Prototype.LevelEditorXNA\TGRFramework.Prototype.LevelEditorXNA.csproj", "{23C4BDE2-2976-4D94-A9B5-D6B681AFB525}"
EndProject
Project("{FAE04EC0-301F-11D3-BF4B-00C04F79EFBC}") = "TGRFramework.Prototype.LevelEditorXNAContent", "TGRFramework.Prototype.LevelEditorXNA\TGRFramework.Prototype.LevelEditorXNAContent\TGRFramework.Prototype.LevelEditorXNAContent.contentproj", "{80C04209-9FE8-4107-BA1C-E9389A07D95C}"
EndProject
Global
	GlobalSection(SolutionConfigurationPlatforms) = preSolution
		Debug|Any CPU = Debug|Any CPU
		Debug|Mixed Platforms = Debug|Mixed Platforms
		Debug|x86 = Debug|x86
		Release|Any CPU = Release|Any CPU
		Release|Mixed Platforms = Release|Mixed Platforms
		Release|x86 = Release|x86
	EndGlobalSection
	GlobalSection(ProjectConfigurationPlatforms) = postSolution
		{6F6A13A8-2694-45E5-8B21-7986B9FDED60}.Debug|Any CPU.ActiveCfg = Debug|Any CPU
		{6F6A13A8-2694-45E5-8B21-7986B9FDED60}.Debug|Any CPU.Build.0 = Debug|Any CPU
		{6F6A13A8-2694-45E5-8B21-7986B9FDED60}.Debug|Mixed Platforms.ActiveCfg = Debug|Any CPU
		{6F6A13A8-2694-45E5-8B21-7986B9FDED60}.Debug|Mixed Platforms.Build.0 = Debug|Any CPU
		{6F6A13A8-2694-45E5-8B21-7986B9FDED60}.Debug|x86.ActiveCfg = Debug|Any CPU
		{6F6A13A8-2694-45E5-8B21-7986B9FDED60}.Debug|x86.Build.0 = Debug|Any CPU
		{6F6A13A8-2694-45E5-8B21-7986B9FDED60}.Release|Any CPU.ActiveCfg = Release|Any CPU
		{6F6A13A8-2694-45E5-8B21-7986B9FDED60}.Release|Any CPU.Build.0 = Release|Any CPU
		{6F6A13A8-2694-45E5-8B21-7986B9FDED60}.Release|Mixed Platforms.ActiveCfg = Release|Any CPU
		{6F6A13A8-2694-45E5-8B21-7986B9FDED60}.Release|Mixed Platforms.Build.0 = Release|Any CPU
		{6F6A13A8-2694-45E5-8B21-7986B9FDED60}.Release|x86.ActiveCfg = Release|Any CPU
		{F3908D24-68AC-4A59-A58E-BA3E3E9B60EB}.Debug|Any CPU.ActiveCfg = Debug|Any CPU
		{F3908D24-68AC-4A59-A58E-BA3E3E9B60EB}.Debug|Any CPU.Build.0 = Debug|Any CPU
		{F3908D24-68AC-4A59-A58E-BA3E3E9B60EB}.Debug|Mixed Platforms.ActiveCfg = Debug|Any CPU
		{F3908D24-68AC-4A59-A58E-BA3E3E9B60EB}.Debug|Mixed Platforms.Build.0 = Debug|Any CPU
		{F3908D24-68AC-4A59-A58E-BA3E3E9B60EB}.Debug|x86.ActiveCfg = Debug|Any CPU
		{F3908D24-68AC-4A59-A58E-BA3E3E9B60EB}.Debug|x86.Build.0 = Debug|Any CPU
		{F3908D24-68AC-4A59-A58E-BA3E3E9B60EB}.Release|Any CPU.ActiveCfg = Release|Any CPU
		{F3908D24-68AC-4A59-A58E-BA3E3E9B60EB}.Release|Any CPU.Build.0 = Release|Any CPU
		{F3908D24-68AC-4A59-A58E-BA3E3E9B60EB}.Release|Mixed Platforms.ActiveCfg = Release|Any CPU
		{F3908D24-68AC-4A59-A58E-BA3E3E9B60EB}.Release|Mixed Platforms.Build.0 = Release|Any CPU
		{F3908D24-68AC-4A59-A58E-BA3E3E9B60EB}.Release|x86.ActiveCfg = Release|Any CPU
		{90889655-C742-4077-BF08-D38CEDE50B87}.Debug|Any CPU.ActiveCfg = Debug|Any CPU
		{90889655-C742-4077-BF08-D38CEDE50B87}.Debug|Any CPU.Build.0 = Debug|Any CPU
		{90889655-C742-4077-BF08-D38CEDE50B87}.Debug|Mixed Platforms.ActiveCfg = Debug|Any CPU
		{90889655-C742-4077-BF08-D38CEDE50B87}.Debug|Mixed Platforms.Build.0 = Debug|Any CPU
		{90889655-C742-4077-BF08-D38CEDE50B87}.Debug|x86.ActiveCfg = Debug|Any CPU
		{90889655-C742-4077-BF08-D38CEDE50B87}.Debug|x86.Build.0 = Debug|Any CPU
		{90889655-C742-4077-BF08-D38CEDE50B87}.Release|Any CPU.ActiveCfg = Release|Any CPU
		{90889655-C742-4077-BF08-D38CEDE50B87}.Release|Any CPU.Build.0 = Release|Any CPU
		{90889655-C742-4077-BF08-D38CEDE50B87}.Release|Mixed Platforms.ActiveCfg = Release|Any CPU
		{90889655-C742-4077-BF08-D38CEDE50B87}.Release|Mixed Platforms.Build.0 = Release|Any CPU
		{90889655-C742-4077-BF08-D38CEDE50B87}.Release|x86.ActiveCfg = Release|Any CPU
		{86C07D85-9412-4F0A-88A5-F03243584BD3}.Debug|Any CPU.ActiveCfg = Debug|Any CPU
		{86C07D85-9412-4F0A-88A5-F03243584BD3}.Debug|Any CPU.Build.0 = Debug|Any CPU
		{86C07D85-9412-4F0A-88A5-F03243584BD3}.Debug|Mixed Platforms.ActiveCfg = Debug|Any CPU
		{86C07D85-9412-4F0A-88A5-F03243584BD3}.Debug|Mixed Platforms.Build.0 = Debug|Any CPU
		{86C07D85-9412-4F0A-88A5-F03243584BD3}.Debug|x86.ActiveCfg = Debug|Any CPU
		{86C07D85-9412-4F0A-88A5-F03243584BD3}.Debug|x86.Build.0 = Debug|Any CPU
		{86C07D85-9412-4F0A-88A5-F03243584BD3}.Release|Any CPU.ActiveCfg = Release|Any CPU
		{86C07D85-9412-4F0A-88A5-F03243584BD3}.Release|Any CPU.Build.0 = Release|Any CPU
		{86C07D85-9412-4F0A-88A5-F03243584BD3}.Release|Mixed Platforms.ActiveCfg = Release|Any CPU
		{86C07D85-9412-4F0A-88A5-F03243584BD3}.Release|Mixed Platforms.Build.0 = Release|Any CPU
		{86C07D85-9412-4F0A-88A5-F03243584BD3}.Release|x86.ActiveCfg = Release|Any CPU
		{4DD20978-9194-4366-A3D1-04AE0FFE7CB1}.Debug|Any CPU.ActiveCfg = Debug|x86
		{4DD20978-9194-4366-A3D1-04AE0FFE7CB1}.Debug|Mixed Platforms.ActiveCfg = Debug|x86
		{4DD20978-9194-4366-A3D1-04AE0FFE7CB1}.Debug|Mixed Platforms.Build.0 = Debug|x86
		{4DD20978-9194-4366-A3D1-04AE0FFE7CB1}.Debug|x86.ActiveCfg = Debug|x86
		{4DD20978-9194-4366-A3D1-04AE0FFE7CB1}.Debug|x86.Build.0 = Debug|x86
		{4DD20978-9194-4366-A3D1-04AE0FFE7CB1}.Release|Any CPU.ActiveCfg = Release|x86
		{4DD20978-9194-4366-A3D1-04AE0FFE7CB1}.Release|Mixed Platforms.ActiveCfg = Release|x86
		{4DD20978-9194-4366-A3D1-04AE0FFE7CB1}.Release|Mixed Platforms.Build.0 = Release|x86
		{4DD20978-9194-4366-A3D1-04AE0FFE7CB1}.Release|x86.ActiveCfg = Release|x86
		{4DD20978-9194-4366-A3D1-04AE0FFE7CB1}.Release|x86.Build.0 = Release|x86
		{548C2507-6A08-43EC-8E67-652109CE2579}.Debug|Any CPU.ActiveCfg = Debug|x86
		{548C2507-6A08-43EC-8E67-652109CE2579}.Debug|Mixed Platforms.ActiveCfg = Debug|x86
		{548C2507-6A08-43EC-8E67-652109CE2579}.Debug|x86.ActiveCfg = Debug|x86
		{548C2507-6A08-43EC-8E67-652109CE2579}.Release|Any CPU.ActiveCfg = Release|x86
		{548C2507-6A08-43EC-8E67-652109CE2579}.Release|Mixed Platforms.ActiveCfg = Release|x86
		{548C2507-6A08-43EC-8E67-652109CE2579}.Release|x86.ActiveCfg = Release|x86
		{D1AA9BF4-81DD-464C-A835-2823BA28BB7B}.Debug|Any CPU.ActiveCfg = Debug|Any CPU
		{D1AA9BF4-81DD-464C-A835-2823BA28BB7B}.Debug|Any CPU.Build.0 = Debug|Any CPU
		{D1AA9BF4-81DD-464C-A835-2823BA28BB7B}.Debug|Mixed Platforms.ActiveCfg = Debug|Any CPU
		{D1AA9BF4-81DD-464C-A835-2823BA28BB7B}.Debug|Mixed Platforms.Build.0 = Debug|Any CPU
		{D1AA9BF4-81DD-464C-A835-2823BA28BB7B}.Debug|x86.ActiveCfg = Debug|Any CPU
		{D1AA9BF4-81DD-464C-A835-2823BA28BB7B}.Debug|x86.Build.0 = Debug|Any CPU
		{D1AA9BF4-81DD-464C-A835-2823BA28BB7B}.Release|Any CPU.ActiveCfg = Release|Any CPU
		{D1AA9BF4-81DD-464C-A835-2823BA28BB7B}.Release|Any CPU.Build.0 = Release|Any CPU
		{D1AA9BF4-81DD-464C-A835-2823BA28BB7B}.Release|Mixed Platforms.ActiveCfg = Release|Any CPU
		{D1AA9BF4-81DD-464C-A835-2823BA28BB7B}.Release|Mixed Platforms.Build.0 = Release|Any CPU
		{D1AA9BF4-81DD-464C-A835-2823BA28BB7B}.Release|x86.ActiveCfg = Release|Any CPU
		{0A43D468-FAF7-4CF8-8CF6-29990D890388}.Debug|Any CPU.ActiveCfg = Debug|x86
		{0A43D468-FAF7-4CF8-8CF6-29990D890388}.Debug|Mixed Platforms.ActiveCfg = Debug|x86
		{0A43D468-FAF7-4CF8-8CF6-29990D890388}.Debug|Mixed Platforms.Build.0 = Debug|x86
		{0A43D468-FAF7-4CF8-8CF6-29990D890388}.Debug|x86.ActiveCfg = Debug|x86
		{0A43D468-FAF7-4CF8-8CF6-29990D890388}.Debug|x86.Build.0 = Debug|x86
		{0A43D468-FAF7-4CF8-8CF6-29990D890388}.Release|Any CPU.ActiveCfg = Release|x86
		{0A43D468-FAF7-4CF8-8CF6-29990D890388}.Release|Mixed Platforms.ActiveCfg = Release|x86
		{0A43D468-FAF7-4CF8-8CF6-29990D890388}.Release|Mixed Platforms.Build.0 = Release|x86
		{0A43D468-FAF7-4CF8-8CF6-29990D890388}.Release|x86.ActiveCfg = Release|x86
		{0A43D468-FAF7-4CF8-8CF6-29990D890388}.Release|x86.Build.0 = Release|x86
		{23C4BDE2-2976-4D94-A9B5-D6B681AFB525}.Debug|Any CPU.ActiveCfg = Debug|x86
		{23C4BDE2-2976-4D94-A9B5-D6B681AFB525}.Debug|Mixed Platforms.ActiveCfg = Debug|x86
		{23C4BDE2-2976-4D94-A9B5-D6B681AFB525}.Debug|Mixed Platforms.Build.0 = Debug|x86
		{23C4BDE2-2976-4D94-A9B5-D6B681AFB525}.Debug|x86.ActiveCfg = Debug|x86
		{23C4BDE2-2976-4D94-A9B5-D6B681AFB525}.Debug|x86.Build.0 = Debug|x86
		{23C4BDE2-2976-4D94-A9B5-D6B681AFB525}.Release|Any CPU.ActiveCfg = Release|x86
		{23C4BDE2-2976-4D94-A9B5-D6B681AFB525}.Release|Mixed Platforms.ActiveCfg = Release|x86
		{23C4BDE2-2976-4D94-A9B5-D6B681AFB525}.Release|Mixed Platforms.Build.0 = Release|x86
		{23C4BDE2-2976-4D94-A9B5-D6B681AFB525}.Release|x86.ActiveCfg = Release|x86
		{23C4BDE2-2976-4D94-A9B5-D6B681AFB525}.Release|x86.Build.0 = Release|x86
		{80C04209-9FE8-4107-BA1C-E9389A07D95C}.Debug|Any CPU.ActiveCfg = Debug|x86
		{80C04209-9FE8-4107-BA1C-E9389A07D95C}.Debug|Mixed Platforms.ActiveCfg = Debug|x86
		{80C04209-9FE8-4107-BA1C-E9389A07D95C}.Debug|x86.ActiveCfg = Debug|x86
		{80C04209-9FE8-4107-BA1C-E9389A07D95C}.Release|Any CPU.ActiveCfg = Release|x86
		{80C04209-9FE8-4107-BA1C-E9389A07D95C}.Release|Mixed Platforms.ActiveCfg = Release|x86
		{80C04209-9FE8-4107-BA1C-E9389A07D95C}.Release|x86.ActiveCfg = Release|x86
	EndGlobalSection
	GlobalSection(SolutionProperties) = preSolution
		HideSolutionNode = FALSE
	EndGlobalSection
	GlobalSection(NestedProjects) = preSolution
		{6F6A13A8-2694-45E5-8B21-7986B9FDED60} = {151CD714-2A39-4596-8F0E-ECC462A4B6D5}
		{F3908D24-68AC-4A59-A58E-BA3E3E9B60EB} = {151CD714-2A39-4596-8F0E-ECC462A4B6D5}
		{90889655-C742-4077-BF08-D38CEDE50B87} = {151CD714-2A39-4596-8F0E-ECC462A4B6D5}
		{86C07D85-9412-4F0A-88A5-F03243584BD3} = {01FDCDC6-01ED-4CCB-BCA0-C7F85F2A5D2A}
		{4DD20978-9194-4366-A3D1-04AE0FFE7CB1} = {01FDCDC6-01ED-4CCB-BCA0-C7F85F2A5D2A}
		{548C2507-6A08-43EC-8E67-652109CE2579} = {01FDCDC6-01ED-4CCB-BCA0-C7F85F2A5D2A}
		{D1AA9BF4-81DD-464C-A835-2823BA28BB7B} = {01FDCDC6-01ED-4CCB-BCA0-C7F85F2A5D2A}
		{0A43D468-FAF7-4CF8-8CF6-29990D890388} = {BC53A8DF-AFDE-4BE4-B90E-75C0D6453203}
		{23C4BDE2-2976-4D94-A9B5-D6B681AFB525} = {BC53A8DF-AFDE-4BE4-B90E-75C0D6453203}
		{80C04209-9FE8-4107-BA1C-E9389A07D95C} = {BC53A8DF-AFDE-4BE4-B90E-75C0D6453203}
	EndGlobalSection
EndGlobal
